
Microsoft Visual Studio Solution File, Format Version 12.00
# Visual Studio Version 17
VisualStudioVersion = 17.0.31903.59
MinimumVisualStudioVersion = 10.0.40219.1
Project("{FAE04EC0-301F-11D3-BF4B-00C04F79EFBC}") = "CrowdFunding.Domain", "CrowdFunding.Domain\CrowdFunding.Domain.csproj", "{39DFE73C-2007-4009-BA92-F85043CFEAD8}"
EndProject
Project("{FAE04EC0-301F-11D3-BF4B-00C04F79EFBC}") = "CrowdFunding.Sandbox", "CrowdFunding.Sandbox\CrowdFunding.Sandbox.csproj", "{AFD6AE98-06DD-4941-B00E-CD5F1414F693}"
EndProject
Global
	GlobalSection(SolutionConfigurationPlatforms) = preSolution
		Debug|Any CPU = Debug|Any CPU
		Release|Any CPU = Release|Any CPU
	EndGlobalSection
	GlobalSection(SolutionProperties) = preSolution
		HideSolutionNode = FALSE
	EndGlobalSection
	GlobalSection(ProjectConfigurationPlatforms) = postSolution
		{39DFE73C-2007-4009-BA92-F85043CFEAD8}.Debug|Any CPU.ActiveCfg = Debug|Any CPU
		{39DFE73C-2007-4009-BA92-F85043CFEAD8}.Debug|Any CPU.Build.0 = Debug|Any CPU
		{39DFE73C-2007-4009-BA92-F85043CFEAD8}.Release|Any CPU.ActiveCfg = Release|Any CPU
		{39DFE73C-2007-4009-BA92-F85043CFEAD8}.Release|Any CPU.Build.0 = Release|Any CPU
		{AFD6AE98-06DD-4941-B00E-CD5F1414F693}.Debug|Any CPU.ActiveCfg = Debug|Any CPU
		{AFD6AE98-06DD-4941-B00E-CD5F1414F693}.Debug|Any CPU.Build.0 = Debug|Any CPU
		{AFD6AE98-06DD-4941-B00E-CD5F1414F693}.Release|Any CPU.ActiveCfg = Release|Any CPU
		{AFD6AE98-06DD-4941-B00E-CD5F1414F693}.Release|Any CPU.Build.0 = Release|Any CPU
	EndGlobalSection
EndGlobal
